
Microsoft Visual Studio Solution File, Format Version 12.00
# Visual Studio 2013
VisualStudioVersion = 12.0.21005.1
MinimumVisualStudioVersion = 10.0.40219.1
Project("{FAE04EC0-301F-11D3-BF4B-00C04F79EFBC}") = "Omron.Commands.Generators.Fins", "Omron.Fins.Command.Builder\Omron.Commands.Generators.Fins.csproj", "{DC80C5C7-AF39-4B74-951C-9F07A9D8C7BB}"
EndProject
Project("{FAE04EC0-301F-11D3-BF4B-00C04F79EFBC}") = "Omron.Core", "Omron.Core\Omron.Core.csproj", "{A63DC130-2189-483E-8989-96168609E2D6}"
EndProject
Project("{FAE04EC0-301F-11D3-BF4B-00C04F79EFBC}") = "Omron.Commands.Expressions", "Omron.Command.Builder\Omron.Commands.Expressions.csproj", "{8031BB8E-59D7-48AD-B615-B3211EA80F29}"
EndProject
Project("{FAE04EC0-301F-11D3-BF4B-00C04F79EFBC}") = "Omron.Commands.Frames.Fins", "Omron.Frames.Fins\Omron.Commands.Frames.Fins.csproj", "{ECA9E48D-D491-4B00-B695-DCB3E98C4813}"
EndProject
Project("{FAE04EC0-301F-11D3-BF4B-00C04F79EFBC}") = "Omron.Commands", "Omron.Commands\Omron.Commands.csproj", "{D6E4F767-967B-4D00-8EF4-3C501649C9EB}"
EndProject
Project("{2150E333-8FDC-42A3-9474-1A3956D46DE8}") = "Fins", "Fins", "{C27E3550-FB77-469D-BD05-B534D86B40F9}"
EndProject
Project("{2150E333-8FDC-42A3-9474-1A3956D46DE8}") = "Host-Link", "Host-Link", "{25AE5CC6-4154-41A3-84C2-78C8F1A52D20}"
EndProject
Project("{2150E333-8FDC-42A3-9474-1A3956D46DE8}") = "Protocols", "Protocols", "{5D9C9731-DAB9-433D-AF71-FC653898549E}"
EndProject
Project("{2150E333-8FDC-42A3-9474-1A3956D46DE8}") = "Connectivity", "Connectivity", "{688A736B-CD9E-4D9C-8717-D1B68C03C54D}"
EndProject
Project("{2150E333-8FDC-42A3-9474-1A3956D46DE8}") = "Commands", "Commands", "{97099AB9-BD59-4E9C-A1FB-0BD3B492C354}"
EndProject
Project("{2150E333-8FDC-42A3-9474-1A3956D46DE8}") = "Core", "Core", "{7FD461D3-0233-4C78-869D-B66510C38D0A}"
EndProject
Project("{FAE04EC0-301F-11D3-BF4B-00C04F79EFBC}") = "Omron.Communications", "Omron.Communications\Omron.Communications.csproj", "{ED80E36F-2888-4463-894F-0B2A8EDE46A7}"
EndProject
Project("{FAE04EC0-301F-11D3-BF4B-00C04F79EFBC}") = "Omron.Communications.Windows.Tcp", "Omron.Communications.Tcp\Omron.Communications.Windows.Tcp.csproj", "{38DFA4FB-FC06-43F5-8915-EE387EDE9632}"
EndProject
Project("{FAE04EC0-301F-11D3-BF4B-00C04F79EFBC}") = "Omron.Communications.Windows.SerialPort", "Omron.Communications.Windows.SerialPort\Omron.Communications.Windows.SerialPort.csproj", "{63907897-98E0-4DD3-92C9-A606237E8359}"
EndProject
Project("{FAE04EC0-301F-11D3-BF4B-00C04F79EFBC}") = "Omron.Communications.Windows", "Omron.Communications.Fins\Omron.Communications.Windows.csproj", "{60A03735-8822-4248-9083-6A05E0B8E4B9}"
EndProject
Project("{2150E333-8FDC-42A3-9474-1A3956D46DE8}") = "Responses", "Responses", "{8C8FA3BB-269A-449B-8A4F-5509F5FD3676}"
EndProject
Project("{FAE04EC0-301F-11D3-BF4B-00C04F79EFBC}") = "Omron.Responses", "Omron.Responses\Omron.Responses.csproj", "{EF76CC3C-13ED-4686-8997-B0A90113E1BD}"
EndProject
Project("{FAE04EC0-301F-11D3-BF4B-00C04F79EFBC}") = "Omron.Responses.Fins", "Omron.Responses.Fins\Omron.Responses.Fins.csproj", "{BAD0D6DD-B840-42FB-B209-E717521D15AF}"
EndProject
Project("{FAE04EC0-301F-11D3-BF4B-00C04F79EFBC}") = "Omron.Communications.WindowsApp", "Omron.Communications.WindowsApp\Omron.Communications.WindowsApp.csproj", "{C9C3BD7D-1FAD-4C12-8CCB-E98ACE210DE9}"
EndProject
Global
	GlobalSection(SolutionConfigurationPlatforms) = preSolution
		Debug|Any CPU = Debug|Any CPU
		Release|Any CPU = Release|Any CPU
	EndGlobalSection
	GlobalSection(ProjectConfigurationPlatforms) = postSolution
		{DC80C5C7-AF39-4B74-951C-9F07A9D8C7BB}.Debug|Any CPU.ActiveCfg = Debug|Any CPU
		{DC80C5C7-AF39-4B74-951C-9F07A9D8C7BB}.Debug|Any CPU.Build.0 = Debug|Any CPU
		{DC80C5C7-AF39-4B74-951C-9F07A9D8C7BB}.Release|Any CPU.ActiveCfg = Release|Any CPU
		{DC80C5C7-AF39-4B74-951C-9F07A9D8C7BB}.Release|Any CPU.Build.0 = Release|Any CPU
		{A63DC130-2189-483E-8989-96168609E2D6}.Debug|Any CPU.ActiveCfg = Debug|Any CPU
		{A63DC130-2189-483E-8989-96168609E2D6}.Debug|Any CPU.Build.0 = Debug|Any CPU
		{A63DC130-2189-483E-8989-96168609E2D6}.Release|Any CPU.ActiveCfg = Release|Any CPU
		{A63DC130-2189-483E-8989-96168609E2D6}.Release|Any CPU.Build.0 = Release|Any CPU
		{8031BB8E-59D7-48AD-B615-B3211EA80F29}.Debug|Any CPU.ActiveCfg = Debug|Any CPU
		{8031BB8E-59D7-48AD-B615-B3211EA80F29}.Debug|Any CPU.Build.0 = Debug|Any CPU
		{8031BB8E-59D7-48AD-B615-B3211EA80F29}.Release|Any CPU.ActiveCfg = Release|Any CPU
		{8031BB8E-59D7-48AD-B615-B3211EA80F29}.Release|Any CPU.Build.0 = Release|Any CPU
		{ECA9E48D-D491-4B00-B695-DCB3E98C4813}.Debug|Any CPU.ActiveCfg = Debug|Any CPU
		{ECA9E48D-D491-4B00-B695-DCB3E98C4813}.Debug|Any CPU.Build.0 = Debug|Any CPU
		{ECA9E48D-D491-4B00-B695-DCB3E98C4813}.Release|Any CPU.ActiveCfg = Release|Any CPU
		{ECA9E48D-D491-4B00-B695-DCB3E98C4813}.Release|Any CPU.Build.0 = Release|Any CPU
		{D6E4F767-967B-4D00-8EF4-3C501649C9EB}.Debug|Any CPU.ActiveCfg = Debug|Any CPU
		{D6E4F767-967B-4D00-8EF4-3C501649C9EB}.Debug|Any CPU.Build.0 = Debug|Any CPU
		{D6E4F767-967B-4D00-8EF4-3C501649C9EB}.Release|Any CPU.ActiveCfg = Release|Any CPU
		{D6E4F767-967B-4D00-8EF4-3C501649C9EB}.Release|Any CPU.Build.0 = Release|Any CPU
		{ED80E36F-2888-4463-894F-0B2A8EDE46A7}.Debug|Any CPU.ActiveCfg = Debug|Any CPU
		{ED80E36F-2888-4463-894F-0B2A8EDE46A7}.Debug|Any CPU.Build.0 = Debug|Any CPU
		{ED80E36F-2888-4463-894F-0B2A8EDE46A7}.Release|Any CPU.ActiveCfg = Release|Any CPU
		{ED80E36F-2888-4463-894F-0B2A8EDE46A7}.Release|Any CPU.Build.0 = Release|Any CPU
		{38DFA4FB-FC06-43F5-8915-EE387EDE9632}.Debug|Any CPU.ActiveCfg = Debug|Any CPU
		{38DFA4FB-FC06-43F5-8915-EE387EDE9632}.Debug|Any CPU.Build.0 = Debug|Any CPU
		{38DFA4FB-FC06-43F5-8915-EE387EDE9632}.Release|Any CPU.ActiveCfg = Release|Any CPU
		{38DFA4FB-FC06-43F5-8915-EE387EDE9632}.Release|Any CPU.Build.0 = Release|Any CPU
		{63907897-98E0-4DD3-92C9-A606237E8359}.Debug|Any CPU.ActiveCfg = Debug|Any CPU
		{63907897-98E0-4DD3-92C9-A606237E8359}.Debug|Any CPU.Build.0 = Debug|Any CPU
		{63907897-98E0-4DD3-92C9-A606237E8359}.Release|Any CPU.ActiveCfg = Release|Any CPU
		{63907897-98E0-4DD3-92C9-A606237E8359}.Release|Any CPU.Build.0 = Release|Any CPU
		{60A03735-8822-4248-9083-6A05E0B8E4B9}.Debug|Any CPU.ActiveCfg = Debug|Any CPU
		{60A03735-8822-4248-9083-6A05E0B8E4B9}.Debug|Any CPU.Build.0 = Debug|Any CPU
		{60A03735-8822-4248-9083-6A05E0B8E4B9}.Release|Any CPU.ActiveCfg = Release|Any CPU
		{60A03735-8822-4248-9083-6A05E0B8E4B9}.Release|Any CPU.Build.0 = Release|Any CPU
		{EF76CC3C-13ED-4686-8997-B0A90113E1BD}.Debug|Any CPU.ActiveCfg = Debug|Any CPU
		{EF76CC3C-13ED-4686-8997-B0A90113E1BD}.Debug|Any CPU.Build.0 = Debug|Any CPU
		{EF76CC3C-13ED-4686-8997-B0A90113E1BD}.Release|Any CPU.ActiveCfg = Release|Any CPU
		{EF76CC3C-13ED-4686-8997-B0A90113E1BD}.Release|Any CPU.Build.0 = Release|Any CPU
		{BAD0D6DD-B840-42FB-B209-E717521D15AF}.Debug|Any CPU.ActiveCfg = Debug|Any CPU
		{BAD0D6DD-B840-42FB-B209-E717521D15AF}.Debug|Any CPU.Build.0 = Debug|Any CPU
		{BAD0D6DD-B840-42FB-B209-E717521D15AF}.Release|Any CPU.ActiveCfg = Release|Any CPU
		{BAD0D6DD-B840-42FB-B209-E717521D15AF}.Release|Any CPU.Build.0 = Release|Any CPU
		{C9C3BD7D-1FAD-4C12-8CCB-E98ACE210DE9}.Debug|Any CPU.ActiveCfg = Debug|Any CPU
		{C9C3BD7D-1FAD-4C12-8CCB-E98ACE210DE9}.Debug|Any CPU.Build.0 = Debug|Any CPU
		{C9C3BD7D-1FAD-4C12-8CCB-E98ACE210DE9}.Release|Any CPU.ActiveCfg = Release|Any CPU
		{C9C3BD7D-1FAD-4C12-8CCB-E98ACE210DE9}.Release|Any CPU.Build.0 = Release|Any CPU
	EndGlobalSection
	GlobalSection(SolutionProperties) = preSolution
		HideSolutionNode = FALSE
	EndGlobalSection
	GlobalSection(NestedProjects) = preSolution
		{C27E3550-FB77-469D-BD05-B534D86B40F9} = {5D9C9731-DAB9-433D-AF71-FC653898549E}
		{25AE5CC6-4154-41A3-84C2-78C8F1A52D20} = {5D9C9731-DAB9-433D-AF71-FC653898549E}
		{A63DC130-2189-483E-8989-96168609E2D6} = {7FD461D3-0233-4C78-869D-B66510C38D0A}
		{D6E4F767-967B-4D00-8EF4-3C501649C9EB} = {97099AB9-BD59-4E9C-A1FB-0BD3B492C354}
		{8031BB8E-59D7-48AD-B615-B3211EA80F29} = {97099AB9-BD59-4E9C-A1FB-0BD3B492C354}
		{ECA9E48D-D491-4B00-B695-DCB3E98C4813} = {C27E3550-FB77-469D-BD05-B534D86B40F9}
		{DC80C5C7-AF39-4B74-951C-9F07A9D8C7BB} = {C27E3550-FB77-469D-BD05-B534D86B40F9}
		{ED80E36F-2888-4463-894F-0B2A8EDE46A7} = {688A736B-CD9E-4D9C-8717-D1B68C03C54D}
		{38DFA4FB-FC06-43F5-8915-EE387EDE9632} = {688A736B-CD9E-4D9C-8717-D1B68C03C54D}
		{63907897-98E0-4DD3-92C9-A606237E8359} = {688A736B-CD9E-4D9C-8717-D1B68C03C54D}
		{EF76CC3C-13ED-4686-8997-B0A90113E1BD} = {8C8FA3BB-269A-449B-8A4F-5509F5FD3676}
		{BAD0D6DD-B840-42FB-B209-E717521D15AF} = {8C8FA3BB-269A-449B-8A4F-5509F5FD3676}
	EndGlobalSection
EndGlobal
